
Microsoft Visual Studio Solution File, Format Version 12.00
# Visual Studio Version 16
VisualStudioVersion = 16.0.29905.134
MinimumVisualStudioVersion = 10.0.40219.1
Project("{FAE04EC0-301F-11D3-BF4B-00C04F79EFBC}") = "OSTPC_Less5_Home", "OSTPC_Less5_Home\OSTPC_Less5_Home.csproj", "{9A39CA96-AE7C-4BC8-BF4E-4B87175CA731}"
EndProject
Global
	GlobalSection(SolutionConfigurationPlatforms) = preSolution
		Debug|Any CPU = Debug|Any CPU
		Release|Any CPU = Release|Any CPU
	EndGlobalSection
	GlobalSection(ProjectConfigurationPlatforms) = postSolution
		{9A39CA96-AE7C-4BC8-BF4E-4B87175CA731}.Debug|Any CPU.ActiveCfg = Debug|Any CPU
		{9A39CA96-AE7C-4BC8-BF4E-4B87175CA731}.Debug|Any CPU.Build.0 = Debug|Any CPU
		{9A39CA96-AE7C-4BC8-BF4E-4B87175CA731}.Release|Any CPU.ActiveCfg = Release|Any CPU
		{9A39CA96-AE7C-4BC8-BF4E-4B87175CA731}.Release|Any CPU.Build.0 = Release|Any CPU
	EndGlobalSection
	GlobalSection(SolutionProperties) = preSolution
		HideSolutionNode = FALSE
	EndGlobalSection
	GlobalSection(ExtensibilityGlobals) = postSolution
		SolutionGuid = {E2DD9A0A-648B-4B73-824A-0D47DEE2D736}
	EndGlobalSection
EndGlobal
